
Microsoft Visual Studio Solution File, Format Version 12.00
# Visual Studio Version 17
VisualStudioVersion = 17.2.32630.192
MinimumVisualStudioVersion = 10.0.40219.1
Project("{9A19103F-16F7-4668-BE54-9A1E7A4F7556}") = "ShopsRUs.Api", "ShopsRUs\ShopsRUs.Api.csproj", "{FBA82B5F-0B0B-4C56-AFAA-C103786771C9}"
EndProject
Project("{9A19103F-16F7-4668-BE54-9A1E7A4F7556}") = "ShopRUs.Data", "ShopRUs.Data\ShopRUs.Data.csproj", "{9575D997-40F0-4449-A14F-633B537F6863}"
EndProject
Project("{9A19103F-16F7-4668-BE54-9A1E7A4F7556}") = "ShopsRUs.Business", "ShopsRUs.Business\ShopsRUs.Business.csproj", "{568FC9E9-9AA9-4241-A3C0-2ACAA043EFA2}"
EndProject
Project("{FAE04EC0-301F-11D3-BF4B-00C04F79EFBC}") = "ShopsRUs.UnitTest", "ShopsRUs.UnitTest\ShopsRUs.UnitTest.csproj", "{495C18B9-466B-465A-BD22-977C701FAF4E}"
EndProject
Global
	GlobalSection(SolutionConfigurationPlatforms) = preSolution
		Debug|Any CPU = Debug|Any CPU
		Release|Any CPU = Release|Any CPU
	EndGlobalSection
	GlobalSection(ProjectConfigurationPlatforms) = postSolution
		{FBA82B5F-0B0B-4C56-AFAA-C103786771C9}.Debug|Any CPU.ActiveCfg = Debug|Any CPU
		{FBA82B5F-0B0B-4C56-AFAA-C103786771C9}.Debug|Any CPU.Build.0 = Debug|Any CPU
		{FBA82B5F-0B0B-4C56-AFAA-C103786771C9}.Release|Any CPU.ActiveCfg = Release|Any CPU
		{FBA82B5F-0B0B-4C56-AFAA-C103786771C9}.Release|Any CPU.Build.0 = Release|Any CPU
		{9575D997-40F0-4449-A14F-633B537F6863}.Debug|Any CPU.ActiveCfg = Debug|Any CPU
		{9575D997-40F0-4449-A14F-633B537F6863}.Debug|Any CPU.Build.0 = Debug|Any CPU
		{9575D997-40F0-4449-A14F-633B537F6863}.Release|Any CPU.ActiveCfg = Release|Any CPU
		{9575D997-40F0-4449-A14F-633B537F6863}.Release|Any CPU.Build.0 = Release|Any CPU
		{568FC9E9-9AA9-4241-A3C0-2ACAA043EFA2}.Debug|Any CPU.ActiveCfg = Debug|Any CPU
		{568FC9E9-9AA9-4241-A3C0-2ACAA043EFA2}.Debug|Any CPU.Build.0 = Debug|Any CPU
		{568FC9E9-9AA9-4241-A3C0-2ACAA043EFA2}.Release|Any CPU.ActiveCfg = Release|Any CPU
		{568FC9E9-9AA9-4241-A3C0-2ACAA043EFA2}.Release|Any CPU.Build.0 = Release|Any CPU
		{495C18B9-466B-465A-BD22-977C701FAF4E}.Debug|Any CPU.ActiveCfg = Debug|Any CPU
		{495C18B9-466B-465A-BD22-977C701FAF4E}.Debug|Any CPU.Build.0 = Debug|Any CPU
		{495C18B9-466B-465A-BD22-977C701FAF4E}.Release|Any CPU.ActiveCfg = Release|Any CPU
		{495C18B9-466B-465A-BD22-977C701FAF4E}.Release|Any CPU.Build.0 = Release|Any CPU
	EndGlobalSection
	GlobalSection(SolutionProperties) = preSolution
		HideSolutionNode = FALSE
	EndGlobalSection
	GlobalSection(ExtensibilityGlobals) = postSolution
		SolutionGuid = {E411BCB0-9851-4C60-A12D-FAC709DBFC50}
	EndGlobalSection
EndGlobal
